// !$*UTF8*$!
{
	archiveVersion = 1;
	classes = {
	};
	objectVersion = 56;
	objects = {

/* Begin PBXBuildFile section */
		83CBBA0F1A601CBA00E9B192 /* MangoCostsApp.swift in Sources */ = {isa = PBXBuildFile; fileRef = 83CBBA061A601CBA00E9B192 /* MangoCostsApp.swift */; };
		83CBBA101A601CBA00E9B192 /* ContentView.swift in Sources */ = {isa = PBXBuildFile; fileRef = 83CBBA071A601CBA00E9B192 /* ContentView.swift */; };
		83CBBA111A601CBA00E9B192 /* MenuBarView.swift in Sources */ = {isa = PBXBuildFile; fileRef = 83CBBA081A601CBA00E9B192 /* MenuBarView.swift */; };
		83CBBA121A601CBA00E9B192 /* CostProgressBar.swift in Sources */ = {isa = PBXBuildFile; fileRef = 83CBBA091A601CBA00E9B192 /* CostProgressBar.swift */; };
		83CBBA131A601CBA00E9B192 /* CostModel.swift in Sources */ = {isa = PBXBuildFile; fileRef = 83CBBA0A1A601CBA00E9B192 /* CostModel.swift */; };
		83CBBA141A601CBA00E9B192 /* NotificationManager.swift in Sources */ = {isa = PBXBuildFile; fileRef = 83CBBA0B1A601CBA00E9B192 /* NotificationManager.swift */; };
		83CBBA151A601CBA00E9B192 /* Assets.xcassets in Resources */ = {isa = PBXBuildFile; fileRef = 83CBBA0C1A601CBA00E9B192 /* Assets.xcassets */; };
/* End PBXBuildFile section */

/* Begin PBXFileReference section */
		83CBBA061A601CBA00E9B192 /* MangoCostsApp.swift */ = {isa = PBXFileReference; lastKnownFileType = sourcecode.swift; path = MangoCostsApp.swift; sourceTree = "<group>"; };
		83CBBA071A601CBA00E9B192 /* ContentView.swift */ = {isa = PBXFileReference; lastKnownFileType = sourcecode.swift; path = ContentView.swift; sourceTree = "<group>"; };
		83CBBA081A601CBA00E9B192 /* MenuBarView.swift */ = {isa = PBXFileReference; lastKnownFileType = sourcecode.swift; path = MenuBarView.swift; sourceTree = "<group>"; };
		83CBBA091A601CBA00E9B192 /* CostProgressBar.swift */ = {isa = PBXFileReference; lastKnownFileType = sourcecode.swift; path = CostProgressBar.swift; sourceTree = "<group>"; };
		83CBBA0A1A601CBA00E9B192 /* CostModel.swift */ = {isa = PBXFileReference; lastKnownFileType = sourcecode.swift; path = CostModel.swift; sourceTree = "<group>"; };
		83CBBA0B1A601CBA00E9B192 /* NotificationManager.swift */ = {isa = PBXFileReference; lastKnownFileType = sourcecode.swift; path = NotificationManager.swift; sourceTree = "<group>"; };
		83CBBA0C1A601CBA00E9B192 /* Assets.xcassets */ = {isa = PBXFileReference; lastKnownFileType = folder.assetcatalog; path = Assets.xcassets; sourceTree = "<group>"; };
		83CBBA0D1A601CBA00E9B192 /* Info.plist */ = {isa = PBXFileReference; lastKnownFileType = text.plist.xml; path = Info.plist; sourceTree = "<group>"; };
		83CBBA0E1A601CBA00E9B192 /* MangoCosts.app */ = {isa = PBXFileReference; explicitFileType = wrapper.application; includeInIndex = 0; path = MangoCosts.app; sourceTree = BUILT_PRODUCTS_DIR; };
/* End PBXFileReference section */

/* Begin PBXFrameworksBuildPhase section */
		83CBBA191A601CBA00E9B192 /* Frameworks */ = {
			isa = PBXFrameworksBuildPhase;
			buildActionMask = 2147483647;
			files = (
			);
			runOnlyForDeploymentPostprocessing = 0;
		};
/* End PBXFrameworksBuildPhase section */

/* Begin PBXGroup section */
		83CBBA011A601CBA00E9B192 /* MangoCosts */ = {
			isa = PBXGroup;
			children = (
				83CBBA021A601CBA00E9B192 /* App */,
				83CBBA031A601CBA00E9B192 /* Views */,
				83CBBA041A601CBA00E9B192 /* Models */,
				83CBBA0C1A601CBA00E9B192 /* Assets.xcassets */,
				83CBBA0D1A601CBA00E9B192 /* Info.plist */,
			);
			path = MangoCosts;
			sourceTree = "<group>";
		};
		83CBBA021A601CBA00E9B192 /* App */ = {
			isa = PBXGroup;
			children = (
				83CBBA061A601CBA00E9B192 /* MangoCostsApp.swift */,
			);
			path = App;
			sourceTree = "<group>";
		};
		83CBBA031A601CBA00E9B192 /* Views */ = {
			isa = PBXGroup;
			children = (
				83CBBA071A601CBA00E9B192 /* ContentView.swift */,
				83CBBA081A601CBA00E9B192 /* MenuBarView.swift */,
				83CBBA091A601CBA00E9B192 /* CostProgressBar.swift */,
			);
			path = Views;
			sourceTree = "<group>";
		};
		83CBBA041A601CBA00E9B192 /* Models */ = {
			isa = PBXGroup;
			children = (
				83CBBA0A1A601CBA00E9B192 /* CostModel.swift */,
				83CBBA0B1A601CBA00E9B192 /* NotificationManager.swift */,
			);
			path = Models;
			sourceTree = "<group>";
		};
		83CBBA051A601CBA00E9B192 /* Products */ = {
			isa = PBXGroup;
			children = (
				83CBBA0E1A601CBA00E9B192 /* MangoCosts.app */,
			);
			name = Products;
			sourceTree = "<group>";
		};
		83CBBA001A601CBA00E9B192 = {
			isa = PBXGroup;
			children = (
				83CBBA011A601CBA00E9B192 /* MangoCosts */,
				83CBBA051A601CBA00E9B192 /* Products */,
			);
			sourceTree = "<group>";
		};
/* End PBXGroup section */

/* Begin PBXNativeTarget section */
		83CBBA161A601CBA00E9B192 /* MangoCosts */ = {
			isa = PBXNativeTarget;
			buildConfigurationList = 83CBBA1F1A601CBA00E9B192 /* Build configuration list for PBXNativeTarget "MangoCosts" */;
			buildPhases = (
				83CBBA171A601CBA00E9B192 /* Sources */,
				83CBBA181A601CBA00E9B192 /* Resources */,
				83CBBA191A601CBA00E9B192 /* Frameworks */,
			);
			buildRules = (
			);
			dependencies = (
			);
			name = MangoCosts;
			productName = MangoCosts;
			productReference = 83CBBA0E1A601CBA00E9B192 /* MangoCosts.app */;
			productType = "com.apple.product-type.application";
		};
/* End PBXNativeTarget section */

/* Begin PBXProject section */
		83CBBAF01A601CBA00E9B192 /* Project object */ = {
			isa = PBXProject;
			attributes = {
				BuildIndependentTargetsInParallel = 1;
				LastSwiftUpdateCheck = 1500;
				LastUpgradeCheck = 1500;
				TargetAttributes = {
					83CBBA161A601CBA00E9B192 = {
						CreatedOnToolsVersion = 15.0;
					};
				};
			};
			buildConfigurationList = 83CBBA1E1A601CBA00E9B192 /* Build configuration list for PBXProject "MangoCosts" */;
			compatibilityVersion = "Xcode 14.0";
			developmentRegion = en;
			hasScannedForEncodings = 0;
			knownRegions = (
				en,
				Base,
			);
			mainGroup = 83CBBA001A601CBA00E9B192;
			productRefGroup = 83CBBA051A601CBA00E9B192 /* Products */;
			projectDirPath = "";
			projectRoot = "";
			targets = (
				83CBBA161A601CBA00E9B192 /* MangoCosts */,
			);
		};
/* End PBXProject section */

/* Begin PBXResourcesBuildPhase section */
		83CBBA181A601CBA00E9B192 /* Resources */ = {
			isa = PBXResourcesBuildPhase;
			buildActionMask = 2147483647;
			files = (
				83CBBA151A601CBA00E9B192 /* Assets.xcassets in Resources */,
			);
			runOnlyForDeploymentPostprocessing = 0;
		};
/* End PBXResourcesBuildPhase section */

/* Begin PBXSourcesBuildPhase section */
		83CBBA171A601CBA00E9B192 /* Sources */ = {
			isa = PBXSourcesBuildPhase;
			buildActionMask = 2147483647;
			files = (
				83CBBA0F1A601CBA00E9B192 /* MangoCostsApp.swift in Sources */,
				83CBBA101A601CBA00E9B192 /* ContentView.swift in Sources */,
				83CBBA111A601CBA00E9B192 /* MenuBarView.swift in Sources */,
				83CBBA121A601CBA00E9B192 /* CostProgressBar.swift in Sources */,
				83CBBA131A601CBA00E9B192 /* CostModel.swift in Sources */,
				83CBBA141A601CBA00E9B192 /* NotificationManager.swift in Sources */,
			);
			runOnlyForDeploymentPostprocessing = 0;
		};
/* End PBXSourcesBuildPhase section */

/* Begin XCBuildConfiguration section */
		83CBBA1A1A601CBA00E9B192 /* Debug */ = {
			isa = XCBuildConfiguration;
			buildSettings = {
				ALWAYS_SEARCH_USER_PATHS = NO;
				CLANG_ANALYZER_NONNULL = YES;
				CLANG_ANALYZER_NUMBER_OBJECT_CONVERSION = YES_AGGRESSIVE;
				CLANG_CXX_LANGUAGE_STANDARD = "gnu++20";
				CLANG_ENABLE_MODULES = YES;
				CLANG_ENABLE_OBJC_ARC = YES;
				CLANG_ENABLE_OBJC_WEAK = YES;
				CLANG_WARN_BLOCK_CAPTURE_AUTORELEASING = YES;
				CLANG_WARN_BOOL_CONVERSION = YES;
				CLANG_WARN_COMMA = YES;
				CLANG_WARN_CONSTANT_CONVERSION = YES;
				CLANG_WARN_DEPRECATED_OBJC_IMPLEMENTATIONS = YES;
				CLANG_WARN_DIRECT_OBJC_ISA_USAGE = YES_ERROR;
				CLANG_WARN_DOCUMENTATION_COMMENTS = YES;
				CLANG_WARN_EMPTY_BODY = YES;
				CLANG_WARN_ENUM_CONVERSION = YES;
				CLANG_WARN_INFINITE_RECURSION = YES;
				CLANG_WARN_INT_CONVERSION = YES;
				CLANG_WARN_NON_LITERAL_NULL_CONVERSION = YES;
				CLANG_WARN_OBJC_IMPLICIT_RETAIN_SELF = YES;
				CLANG_WARN_OBJC_LITERAL_CONVERSION = YES;
				CLANG_WARN_OBJC_ROOT_CLASS = YES_ERROR;
				CLANG_WARN_QUOTED_INCLUDE_IN_FRAMEWORK_HEADER = YES;
				CLANG_WARN_RANGE_LOOP_ANALYSIS = YES;
				CLANG_WARN_STRICT_PROTOTYPES = YES;
				CLANG_WARN_SUSPICIOUS_MOVE = YES;
				CLANG_WARN_UNGUARDED_AVAILABILITY = YES_AGGRESSIVE;
				CLANG_WARN_UNREACHABLE_CODE = YES;
				CLANG_WARN__DUPLICATE_METHOD_MATCH = YES;
				COPY_PHASE_STRIP = NO;
				DEBUG_INFORMATION_FORMAT = dwarf;
				ENABLE_STRICT_OBJC_MSGSEND = YES;
				ENABLE_TESTABILITY = YES;
				GCC_C_LANGUAGE_STANDARD = gnu11;
				GCC_DYNAMIC_NO_PIC = NO;
				GCC_NO_COMMON_BLOCKS = YES;
				GCC_OPTIMIZATION_LEVEL = 0;
				GCC_PREPROCESSOR_DEFINITIONS = (
					"DEBUG=1",
					"$(inherited)",
				);
				GCC_WARN_64_TO_32_BIT_CONVERSION = YES;
				GCC_WARN_ABOUT_RETURN_TYPE = YES_ERROR;
				GCC_WARN_UNDECLARED_SELECTOR = YES;
				GCC_WARN_UNINITIALIZED_AUTOS = YES_AGGRESSIVE;
				GCC_WARN_UNUSED_FUNCTION = YES;
				GCC_WARN_UNUSED_VARIABLE = YES;
				MACOSX_DEPLOYMENT_TARGET = 13.0;
				MTL_ENABLE_DEBUG_INFO = INCLUDE_SOURCE;
				MTL_FAST_MATH = YES;
				ONLY_ACTIVE_ARCH = YES;
				SDKROOT = macosx;
				SWIFT_ACTIVE_COMPILATION_CONDITIONS = DEBUG;
				SWIFT_OPTIMIZATION_LEVEL = "-Onone";
			};
			name = Debug;
		};
		83CBBA1B1A601CBA00E9B192 /* Release */ = {
			isa = XCBuildConfiguration;
			buildSettings = {
				ALWAYS_SEARCH_USER_PATHS = NO;
				CLANG_ANALYZER_NONNULL = YES;
				CLANG_ANALYZER_NUMBER_OBJECT_CONVERSION = YES_AGGRESSIVE;
				CLANG_CXX_LANGUAGE_STANDARD = "gnu++20";
				CLANG_ENABLE_MODULES = YES;
				CLANG_ENABLE_OBJC_ARC = YES;
				CLANG_ENABLE_OBJC_WEAK = YES;
				CLANG_WARN_BLOCK_CAPTURE_AUTORELEASING = YES;
				CLANG_WARN_BOOL_CONVERSION = YES;
				CLANG_WARN_COMMA = YES;
				CLANG_WARN_CONSTANT_CONVERSION = YES;
				CLANG_WARN_DEPRECATED_OBJC_IMPLEMENTATIONS = YES;
				CLANG_WARN_DIRECT_OBJC_ISA_USAGE = YES_ERROR;
				CLANG_WARN_DOCUMENTATION_COMMENTS = YES;
				CLANG_WARN_EMPTY_BODY = YES;
				CLANG_WARN_ENUM_CONVERSION = YES;
				CLANG_WARN_INFINITE_RECURSION = YES;
				CLANG_WARN_INT_CONVERSION = YES;
				CLANG_WARN_NON_LITERAL_NULL_CONVERSION = YES;
				CLANG_WARN_OBJC_IMPLICIT_RETAIN_SELF = YES;
				CLANG_WARN_OBJC_LITERAL_CONVERSION = YES;
				CLANG_WARN_OBJC_ROOT_CLASS = YES_ERROR;
				CLANG_WARN_QUOTED_INCLUDE_IN_FRAMEWORK_HEADER = YES;
				CLANG_WARN_RANGE_LOOP_ANALYSIS = YES;
				CLANG_WARN_STRICT_PROTOTYPES = YES;
				CLANG_WARN_SUSPICIOUS_MOVE = YES;
				CLANG_WARN_UNGUARDED_AVAILABILITY = YES_AGGRESSIVE;
				CLANG_WARN_UNREACHABLE_CODE = YES;
				CLANG_WARN__DUPLICATE_METHOD_MATCH = YES;
				COPY_PHASE_STRIP = NO;
				DEBUG_INFORMATION_FORMAT = "dwarf-with-dsym";
				ENABLE_NS_ASSERTIONS = NO;
				ENABLE_STRICT_OBJC_MSGSEND = YES;
				GCC_C_LANGUAGE_STANDARD = gnu11;
				GCC_NO_COMMON_BLOCKS = YES;
				GCC_WARN_64_TO_32_BIT_CONVERSION = YES;
				GCC_WARN_ABOUT_RETURN_TYPE = YES_ERROR;
				GCC_WARN_UNDECLARED_SELECTOR = YES;
				GCC_WARN_UNINITIALIZED_AUTOS = YES_AGGRESSIVE;
				GCC_WARN_UNUSED_FUNCTION = YES;
				GCC_WARN_UNUSED_VARIABLE = YES;
				MACOSX_DEPLOYMENT_TARGET = 13.0;
				MTL_ENABLE_DEBUG_INFO = NO;
				MTL_FAST_MATH = YES;
				SDKROOT = macosx;
				SWIFT_COMPILATION_MODE = wholemodule;
				SWIFT_OPTIMIZATION_LEVEL = "-O";
			};
			name = Release;
		};
		83CBBA1C1A601CBA00E9B192 /* Debug */ = {
			isa = XCBuildConfiguration;
			buildSettings = {
				ASSETCATALOG_COMPILER_APPICON_NAME = AppIcon;
				ASSETCATALOG_COMPILER_GLOBAL_ACCENT_COLOR_NAME = AccentColor;
				CODE_SIGN_ENTITLEMENTS = MangoCosts/MangoCosts.entitlements;
				CODE_SIGN_IDENTITY = "-";
				CODE_SIGN_STYLE = Manual;
				COMBINE_HIDPI_IMAGES = YES;
				DEVELOPMENT_TEAM = "";
				ENABLE_HARDENED_RUNTIME = NO;
				INFOPLIST_FILE = MangoCosts/Info.plist;
				LD_RUNPATH_SEARCH_PATHS = (
					"$(inherited)",
					"@executable_path/../Frameworks",
				);
				MACOSX_DEPLOYMENT_TARGET = 13.0;
				PRODUCT_BUNDLE_IDENTIFIER = com.mango.MangoCosts;
				PRODUCT_NAME = "$(TARGET_NAME)";
				PROVISIONING_PROFILE_SPECIFIER = "";
				SDKROOT = macosx;
				SWIFT_EMIT_LOC_STRINGS = YES;
				SWIFT_VERSION = 5.0;
			};
			name = Debug;
		};
		83CBBA1D1A601CBA00E9B192 /* Release */ = {
			isa = XCBuildConfiguration;
			buildSettings = {
				ASSETCATALOG_COMPILER_APPICON_NAME = AppIcon;
				ASSETCATALOG_COMPILER_GLOBAL_ACCENT_COLOR_NAME = AccentColor;
				CODE_SIGN_ENTITLEMENTS = MangoCosts/MangoCosts.entitlements;
				CODE_SIGN_IDENTITY = "-";
				CODE_SIGN_STYLE = Manual;
				COMBINE_HIDPI_IMAGES = YES;
				DEVELOPMENT_TEAM = "";
				ENABLE_HARDENED_RUNTIME = NO;
				INFOPLIST_FILE = MangoCosts/Info.plist;
				LD_RUNPATH_SEARCH_PATHS = (
					"$(inherited)",
					"@executable_path/../Frameworks",
				);
				MACOSX_DEPLOYMENT_TARGET = 13.0;
				PRODUCT_BUNDLE_IDENTIFIER = com.mango.MangoCosts;
				PRODUCT_NAME = "$(TARGET_NAME)";
				PROVISIONING_PROFILE_SPECIFIER = "";
				SDKROOT = macosx;
				SWIFT_EMIT_LOC_STRINGS = YES;
				SWIFT_VERSION = 5.0;
			};
			name = Release;
		};
/* End XCBuildConfiguration section */

/* Begin XCConfigurationList section */
		83CBBA1E1A601CBA00E9B192 /* Build configuration list for PBXProject "MangoCosts" */ = {
			isa = XCConfigurationList;
			buildConfigurations = (
				83CBBA1A1A601CBA00E9B192 /* Debug */,
				83CBBA1B1A601CBA00E9B192 /* Release */,
			);
			defaultConfigurationIsVisible = 0;
			defaultConfigurationName = Release;
		};
		83CBBA1F1A601CBA00E9B192 /* Build configuration list for PBXNativeTarget "MangoCosts" */ = {
			isa = XCConfigurationList;
			buildConfigurations = (
				83CBBA1C1A601CBA00E9B192 /* Debug */,
				83CBBA1D1A601CBA00E9B192 /* Release */,
			);
			defaultConfigurationIsVisible = 0;
			defaultConfigurationName = Release;
		};
/* End XCConfigurationList section */

	};
	rootObject = 83CBBAF01A601CBA00E9B192 /* Project object */;
}
